
Microsoft Visual Studio Solution File, Format Version 12.00
# Visual Studio Version 17
VisualStudioVersion = 17.1.32210.238
MinimumVisualStudioVersion = 10.0.40219.1
Project("{FAE04EC0-301F-11D3-BF4B-00C04F79EFBC}") = "LinqAndLambdaByLambda", "LinqAndLambdaByLambda\LinqAndLambdaByLambda.csproj", "{AD222FE3-0032-4750-A523-C61E26F85EDF}"
EndProject
Global
	GlobalSection(SolutionConfigurationPlatforms) = preSolution
		Debug|Any CPU = Debug|Any CPU
		Release|Any CPU = Release|Any CPU
	EndGlobalSection
	GlobalSection(ProjectConfigurationPlatforms) = postSolution
		{AD222FE3-0032-4750-A523-C61E26F85EDF}.Debug|Any CPU.ActiveCfg = Debug|Any CPU
		{AD222FE3-0032-4750-A523-C61E26F85EDF}.Debug|Any CPU.Build.0 = Debug|Any CPU
		{AD222FE3-0032-4750-A523-C61E26F85EDF}.Release|Any CPU.ActiveCfg = Release|Any CPU
		{AD222FE3-0032-4750-A523-C61E26F85EDF}.Release|Any CPU.Build.0 = Release|Any CPU
	EndGlobalSection
	GlobalSection(SolutionProperties) = preSolution
		HideSolutionNode = FALSE
	EndGlobalSection
	GlobalSection(ExtensibilityGlobals) = postSolution
		SolutionGuid = {5901A9BA-5902-4B52-8587-E5407C89DBA7}
	EndGlobalSection
EndGlobal
